lockfileVersion: '9.0'

settings:
  autoInstallPeers: true
  excludeLinksFromLockfile: false

importers:

  .:
    devDependencies:
      '@floating-ui/core':
        specifier: ^1.6.9
        version: 1.6.9
      '@floating-ui/dom':
        specifier: ^1.6.13
        version: 1.6.13
      lucide:
        specifier: ^0.475.0
        version: 0.475.0
      tom-select:
        specifier: ^2.4.2
        version: 2.4.2

packages:

  '@floating-ui/core@1.6.9':
    resolution: {integrity: sha512-uMXCuQ3BItDUbAMhIXw7UPXRfAlOAvZzdK9BWpE60MCn+Svt3aLn9jsPTi/WNGlRUu2uI0v5S7JiIUsbsvh3fw==}

  '@floating-ui/dom@1.6.13':
    resolution: {integrity: sha512-umqzocjDgNRGTuO7Q8CU32dkHkECqI8ZdMZ5Swb6QAM0t5rnlrN3lGo1hdpscRd3WS8T6DKYK4ephgIH9iRh3w==}

  '@floating-ui/utils@0.2.9':
    resolution: {integrity: sha512-MDWhGtE+eHw5JW7lq4qhc5yRLS11ERl1c7Z6Xd0a58DozHES6EnNNwUWbMiG4J9Cgj053Bhk8zvlhFYKVhULwg==}

  '@orchidjs/sifter@1.1.0':
    resolution: {integrity: sha512-mYwHCfr736cIWWdhhSZvDbf90AKt2xyrJspKFC3qyIJG1LtrJeJunYEqCGG4Aq2ijENbc4WkOjszcvNaIAS/pQ==}

  '@orchidjs/unicode-variants@1.1.2':
    resolution: {integrity: sha512-5DobW1CHgnBROOEpFlEXytED5OosEWESFvg/VYmH0143oXcijYTprRYJTs+55HzGM4IqxiLFSuqEzu9mPNwVsA==}

  lucide@0.475.0:
    resolution: {integrity: sha512-86jIup6DQGWX5etGuhLlojx0bu+HbxLvRI5B2SumOBznImMxEXyKF0YpScZ51BOix2gq5LfeO8mnvVVPlK/Fdg==}

  tom-select@2.4.2:
    resolution: {integrity: sha512-2RWjkL3gMDz9E+u8w+tQy9JWsYq8gaSytEVeugKYDeMus6ZtxT1HttLPnXsfHCnBPlsNubVyj5gtUeN+S+bcpA==}

snapshots:

  '@floating-ui/core@1.6.9':
    dependencies:
      '@floating-ui/utils': 0.2.9

  '@floating-ui/dom@1.6.13':
    dependencies:
      '@floating-ui/core': 1.6.9
      '@floating-ui/utils': 0.2.9

  '@floating-ui/utils@0.2.9': {}

  '@orchidjs/sifter@1.1.0':
    dependencies:
      '@orchidjs/unicode-variants': 1.1.2

  '@orchidjs/unicode-variants@1.1.2': {}

  lucide@0.475.0: {}

  tom-select@2.4.2:
    dependencies:
      '@orchidjs/sifter': 1.1.0
      '@orchidjs/unicode-variants': 1.1.2
